
Microsoft Visual Studio Solution File, Format Version 12.00
Project("{FAE04EC0-301F-11D3-BF4B-00C04F79EFBC}") = "PWMosh", "PWMosh\PWMosh.csproj", "{CC9938FB-7E55-4B40-8F8D-D622F07C42F0}"
EndProject
Global
	GlobalSection(SolutionConfigurationPlatforms) = preSolution
		Debug|Any CPU = Debug|Any CPU
		Release|Any CPU = Release|Any CPU
	EndGlobalSection
	GlobalSection(ProjectConfigurationPlatforms) = postSolution
		{CC9938FB-7E55-4B40-8F8D-D622F07C42F0}.Debug|Any CPU.ActiveCfg = Debug|Any CPU
		{CC9938FB-7E55-4B40-8F8D-D622F07C42F0}.Debug|Any CPU.Build.0 = Debug|Any CPU
		{CC9938FB-7E55-4B40-8F8D-D622F07C42F0}.Release|Any CPU.ActiveCfg = Release|Any CPU
		{CC9938FB-7E55-4B40-8F8D-D622F07C42F0}.Release|Any CPU.Build.0 = Release|Any CPU
	EndGlobalSection
EndGlobal
