
Microsoft Visual Studio Solution File, Format Version 12.00
Project("{FAE04EC0-301F-11D3-BF4B-00C04F79EFBC}") = "ES2_PL_22_23", "ES2_PL_22_23\ES2_PL_22_23.csproj", "{DBF972CC-1CFF-4C12-A20C-CFB93DB2B347}"
EndProject
Global
	GlobalSection(SolutionConfigurationPlatforms) = preSolution
		Debug|Any CPU = Debug|Any CPU
		Release|Any CPU = Release|Any CPU
	EndGlobalSection
	GlobalSection(ProjectConfigurationPlatforms) = postSolution
		{DBF972CC-1CFF-4C12-A20C-CFB93DB2B347}.Debug|Any CPU.ActiveCfg = Debug|Any CPU
		{DBF972CC-1CFF-4C12-A20C-CFB93DB2B347}.Debug|Any CPU.Build.0 = Debug|Any CPU
		{DBF972CC-1CFF-4C12-A20C-CFB93DB2B347}.Release|Any CPU.ActiveCfg = Release|Any CPU
		{DBF972CC-1CFF-4C12-A20C-CFB93DB2B347}.Release|Any CPU.Build.0 = Release|Any CPU
	EndGlobalSection
EndGlobal
